
Microsoft Visual Studio Solution File, Format Version 12.00
# Visual Studio 15
VisualStudioVersion = 15.0.27004.2009
MinimumVisualStudioVersion = 10.0.40219.1
Project("{FAE04EC0-301F-11D3-BF4B-00C04F79EFBC}") = "WebServerTemplate", "WebServerTemplate\WebServerTemplate.csproj", "{126A87AA-1F16-42A4-8E35-5FEF5E7543F1}"
EndProject
Global
	GlobalSection(SolutionConfigurationPlatforms) = preSolution
		Debug|Any CPU = Debug|Any CPU
		Release|Any CPU = Release|Any CPU
	EndGlobalSection
	GlobalSection(ProjectConfigurationPlatforms) = postSolution
		{126A87AA-1F16-42A4-8E35-5FEF5E7543F1}.Debug|Any CPU.ActiveCfg = Debug|Any CPU
		{126A87AA-1F16-42A4-8E35-5FEF5E7543F1}.Debug|Any CPU.Build.0 = Debug|Any CPU
		{126A87AA-1F16-42A4-8E35-5FEF5E7543F1}.Release|Any CPU.ActiveCfg = Release|Any CPU
		{126A87AA-1F16-42A4-8E35-5FEF5E7543F1}.Release|Any CPU.Build.0 = Release|Any CPU
	EndGlobalSection
	GlobalSection(SolutionProperties) = preSolution
		HideSolutionNode = FALSE
	EndGlobalSection
	GlobalSection(ExtensibilityGlobals) = postSolution
		SolutionGuid = {FC8ED5E1-7EB4-44AF-8F4A-3F65F9724F28}
	EndGlobalSection
EndGlobal
